
Microsoft Visual Studio Solution File, Format Version 12.00
# Visual Studio Version 16
VisualStudioVersion = 25.0.1706.7
MinimumVisualStudioVersion = 10.0.40219.1
Project("{FAE04EC0-301F-11D3-BF4B-00C04F79EFBC}") = "01.ExcellentResult", "01.ExcellentResult\01.ExcellentResult.csproj", "{1A5DB175-AE71-4FDB-82F4-363ECED3D496}"
EndProject
Project("{FAE04EC0-301F-11D3-BF4B-00C04F79EFBC}") = "02.GreaterNumber", "02.GreaterNumber\02.GreaterNumber.csproj", "{C7F483A6-0427-4F7E-AE2F-975981C38764}"
EndProject
Project("{FAE04EC0-301F-11D3-BF4B-00C04F79EFBC}") = "03.EvenOrOdd", "03.EvenOrOdd\03.EvenOrOdd.csproj", "{029D9EEF-6BF3-4EEA-99F5-BF8374EC5EAF}"
EndProject
Project("{FAE04EC0-301F-11D3-BF4B-00C04F79EFBC}") = "04.PasswordGuess", "04.PasswordGuess\04.PasswordGuess.csproj", "{57CA4687-C4BF-486D-9E1F-C960779AFF68}"
EndProject
Project("{FAE04EC0-301F-11D3-BF4B-00C04F79EFBC}") = "07.AreaOfFigures", "07.AreaOfFigures\07.AreaOfFigures.csproj", "{08B915F1-68FD-4D18-8B27-1D5127925D5C}"
EndProject
Project("{FAE04EC0-301F-11D3-BF4B-00C04F79EFBC}") = "05.Number100To200", "05.Number100To200\05.Number100To200.csproj", "{91EF6770-4D8E-46CF-9E00-95B6BFC789B5}"
EndProject
Project("{FAE04EC0-301F-11D3-BF4B-00C04F79EFBC}") = "06.SpeedInfo", "06.SpeedInfo\06.SpeedInfo.csproj", "{2984DA58-2332-40EC-BA86-0FB4B4319E43}"
EndProject
Global
	GlobalSection(SolutionConfigurationPlatforms) = preSolution
		Debug|Any CPU = Debug|Any CPU
		Release|Any CPU = Release|Any CPU
	EndGlobalSection
	GlobalSection(ProjectConfigurationPlatforms) = postSolution
		{1A5DB175-AE71-4FDB-82F4-363ECED3D496}.Debug|Any CPU.ActiveCfg = Debug|Any CPU
		{1A5DB175-AE71-4FDB-82F4-363ECED3D496}.Debug|Any CPU.Build.0 = Debug|Any CPU
		{1A5DB175-AE71-4FDB-82F4-363ECED3D496}.Release|Any CPU.ActiveCfg = Release|Any CPU
		{1A5DB175-AE71-4FDB-82F4-363ECED3D496}.Release|Any CPU.Build.0 = Release|Any CPU
		{C7F483A6-0427-4F7E-AE2F-975981C38764}.Debug|Any CPU.ActiveCfg = Debug|Any CPU
		{C7F483A6-0427-4F7E-AE2F-975981C38764}.Debug|Any CPU.Build.0 = Debug|Any CPU
		{C7F483A6-0427-4F7E-AE2F-975981C38764}.Release|Any CPU.ActiveCfg = Release|Any CPU
		{C7F483A6-0427-4F7E-AE2F-975981C38764}.Release|Any CPU.Build.0 = Release|Any CPU
		{029D9EEF-6BF3-4EEA-99F5-BF8374EC5EAF}.Debug|Any CPU.ActiveCfg = Debug|Any CPU
		{029D9EEF-6BF3-4EEA-99F5-BF8374EC5EAF}.Debug|Any CPU.Build.0 = Debug|Any CPU
		{029D9EEF-6BF3-4EEA-99F5-BF8374EC5EAF}.Release|Any CPU.ActiveCfg = Release|Any CPU
		{029D9EEF-6BF3-4EEA-99F5-BF8374EC5EAF}.Release|Any CPU.Build.0 = Release|Any CPU
		{57CA4687-C4BF-486D-9E1F-C960779AFF68}.Debug|Any CPU.ActiveCfg = Debug|Any CPU
		{57CA4687-C4BF-486D-9E1F-C960779AFF68}.Debug|Any CPU.Build.0 = Debug|Any CPU
		{57CA4687-C4BF-486D-9E1F-C960779AFF68}.Release|Any CPU.ActiveCfg = Release|Any CPU
		{57CA4687-C4BF-486D-9E1F-C960779AFF68}.Release|Any CPU.Build.0 = Release|Any CPU
		{08B915F1-68FD-4D18-8B27-1D5127925D5C}.Debug|Any CPU.ActiveCfg = Debug|Any CPU
		{08B915F1-68FD-4D18-8B27-1D5127925D5C}.Debug|Any CPU.Build.0 = Debug|Any CPU
		{08B915F1-68FD-4D18-8B27-1D5127925D5C}.Release|Any CPU.ActiveCfg = Release|Any CPU
		{08B915F1-68FD-4D18-8B27-1D5127925D5C}.Release|Any CPU.Build.0 = Release|Any CPU
		{91EF6770-4D8E-46CF-9E00-95B6BFC789B5}.Debug|Any CPU.ActiveCfg = Debug|Any CPU
		{91EF6770-4D8E-46CF-9E00-95B6BFC789B5}.Debug|Any CPU.Build.0 = Debug|Any CPU
		{91EF6770-4D8E-46CF-9E00-95B6BFC789B5}.Release|Any CPU.ActiveCfg = Release|Any CPU
		{91EF6770-4D8E-46CF-9E00-95B6BFC789B5}.Release|Any CPU.Build.0 = Release|Any CPU
		{2984DA58-2332-40EC-BA86-0FB4B4319E43}.Debug|Any CPU.ActiveCfg = Debug|Any CPU
		{2984DA58-2332-40EC-BA86-0FB4B4319E43}.Debug|Any CPU.Build.0 = Debug|Any CPU
		{2984DA58-2332-40EC-BA86-0FB4B4319E43}.Release|Any CPU.ActiveCfg = Release|Any CPU
		{2984DA58-2332-40EC-BA86-0FB4B4319E43}.Release|Any CPU.Build.0 = Release|Any CPU
	EndGlobalSection
	GlobalSection(SolutionProperties) = preSolution
		HideSolutionNode = FALSE
	EndGlobalSection
	GlobalSection(ExtensibilityGlobals) = postSolution
		SolutionGuid = {02792AEE-66C5-466A-A860-171372E7E1F8}
	EndGlobalSection
EndGlobal
